// !$*UTF8*$!
{
	archiveVersion = 1;
	classes = {
	};
	objectVersion = 48;
	objects = {

/* Begin PBXBuildFile section */
		856180A21FA3C6A100CED784 /* AppDelegate.swift in Sources */ = {isa = PBXBuildFile; fileRef = 856180A11FA3C6A100CED784 /* AppDelegate.swift */; };
		856180A41FA3C6A100CED784 /* MainVC.swift in Sources */ = {isa = PBXBuildFile; fileRef = 856180A31FA3C6A100CED784 /* MainVC.swift */; };
		856180A71FA3C6A100CED784 /* Main.storyboard in Resources */ = {isa = PBXBuildFile; fileRef = 856180A51FA3C6A100CED784 /* Main.storyboard */; };
		856180A91FA3C6A100CED784 /* Assets.xcassets in Resources */ = {isa = PBXBuildFile; fileRef = 856180A81FA3C6A100CED784 /* Assets.xcassets */; };
		856180AC1FA3C6A100CED784 /* LaunchScreen.storyboard in Resources */ = {isa = PBXBuildFile; fileRef = 856180AA1FA3C6A100CED784 /* LaunchScreen.storyboard */; };
		856180B61FA3C93C00CED784 /* CurrencyTxtField.swift in Sources */ = {isa = PBXBuildFile; fileRef = 856180B51FA3C93C00CED784 /* CurrencyTxtField.swift */; };
		856180C71FA3DC0000CED784 /* Wage.swift in Sources */ = {isa = PBXBuildFile; fileRef = 856180C61FA3DC0000CED784 /* Wage.swift */; };
		856180CF1FA3DDDD00CED784 /* math_test.swift in Sources */ = {isa = PBXBuildFile; fileRef = 856180CE1FA3DDDD00CED784 /* math_test.swift */; };
		856180D61FA3DE5900CED784 /* Wage.swift in Sources */ = {isa = PBXBuildFile; fileRef = 856180C61FA3DC0000CED784 /* Wage.swift */; };
/* End PBXBuildFile section */

/* Begin PBXContainerItemProxy section */
		856180C01FA3DBB600CED784 /* PBXContainerItemProxy */ = {
			isa = PBXContainerItemProxy;
			containerPortal = 856180961FA3C6A000CED784 /* Project object */;
			proxyType = 1;
			remoteGlobalIDString = 8561809D1FA3C6A000CED784;
			remoteInfo = "window-shopper";
		};
		856180D11FA3DDDD00CED784 /* PBXContainerItemProxy */ = {
			isa = PBXContainerItemProxy;
			containerPortal = 856180961FA3C6A000CED784 /* Project object */;
			proxyType = 1;
			remoteGlobalIDString = 8561809D1FA3C6A000CED784;
			remoteInfo = "window-shopper";
		};
/* End PBXContainerItemProxy section */

/* Begin PBXFileReference section */
		8561809E1FA3C6A100CED784 /* window-shopper.app */ = {isa = PBXFileReference; explicitFileType = wrapper.application; includeInIndex = 0; path = "window-shopper.app"; sourceTree = BUILT_PRODUCTS_DIR; };
		856180A11FA3C6A100CED784 /* AppDelegate.swift */ = {isa = PBXFileReference; lastKnownFileType = sourcecode.swift; path = AppDelegate.swift; sourceTree = "<group>"; };
		856180A31FA3C6A100CED784 /* MainVC.swift */ = {isa = PBXFileReference; lastKnownFileType = sourcecode.swift; path = MainVC.swift; sourceTree = "<group>"; };
		856180A61FA3C6A100CED784 /* Base */ = {isa = PBXFileReference; lastKnownFileType = file.storyboard; name = Base; path = Base.lproj/Main.storyboard; sourceTree = "<group>"; };
		856180A81FA3C6A100CED784 /* Assets.xcassets */ = {isa = PBXFileReference; lastKnownFileType = folder.assetcatalog; path = Assets.xcassets; sourceTree = "<group>"; };
		856180AB1FA3C6A100CED784 /* Base */ = {isa = PBXFileReference; lastKnownFileType = file.storyboard; name = Base; path = Base.lproj/LaunchScreen.storyboard; sourceTree = "<group>"; };
		856180AD1FA3C6A100CED784 /* Info.plist */ = {isa = PBXFileReference; lastKnownFileType = text.plist.xml; path = Info.plist; sourceTree = "<group>"; };
		856180B51FA3C93C00CED784 /* CurrencyTxtField.swift */ = {isa = PBXFileReference; lastKnownFileType = sourcecode.swift; path = CurrencyTxtField.swift; sourceTree = "<group>"; };
		856180BB1FA3DBB600CED784 /* window-shopperTests.xctest */ = {isa = PBXFileReference; explicitFileType = wrapper.cfbundle; includeInIndex = 0; path = "window-shopperTests.xctest"; sourceTree = BUILT_PRODUCTS_DIR; };
		856180C61FA3DC0000CED784 /* Wage.swift */ = {isa = PBXFileReference; lastKnownFileType = sourcecode.swift; path = Wage.swift; sourceTree = "<group>"; };
		856180CC1FA3DDDD00CED784 /* math-test.xctest */ = {isa = PBXFileReference; explicitFileType = wrapper.cfbundle; includeInIndex = 0; path = "math-test.xctest"; sourceTree = BUILT_PRODUCTS_DIR; };
		856180CE1FA3DDDD00CED784 /* math_test.swift */ = {isa = PBXFileReference; lastKnownFileType = sourcecode.swift; path = math_test.swift; sourceTree = "<group>"; };
		856180D01FA3DDDD00CED784 /* Info.plist */ = {isa = PBXFileReference; lastKnownFileType = text.plist.xml; path = Info.plist; sourceTree = "<group>"; };
/* End PBXFileReference section */

/* Begin PBXFrameworksBuildPhase section */
		8561809B1FA3C6A000CED784 /* Frameworks */ = {
			isa = PBXFrameworksBuildPhase;
			buildActionMask = 2147483647;
			files = (
			);
			runOnlyForDeploymentPostprocessing = 0;
		};
		856180B81FA3DBB600CED784 /* Frameworks */ = {
			isa = PBXFrameworksBuildPhase;
			buildActionMask = 2147483647;
			files = (
			);
			runOnlyForDeploymentPostprocessing = 0;
		};
		856180C91FA3DDDD00CED784 /* Frameworks */ = {
			isa = PBXFrameworksBuildPhase;
			buildActionMask = 2147483647;
			files = (
			);
			runOnlyForDeploymentPostprocessing = 0;
		};
/* End PBXFrameworksBuildPhase section */

/* Begin PBXGroup section */
		856180951FA3C6A000CED784 = {
			isa = PBXGroup;
			children = (
				856180A01FA3C6A100CED784 /* window-shopper */,
				856180CD1FA3DDDD00CED784 /* math-test */,
				8561809F1FA3C6A100CED784 /* Products */,
			);
			sourceTree = "<group>";
		};
		8561809F1FA3C6A100CED784 /* Products */ = {
			isa = PBXGroup;
			children = (
				8561809E1FA3C6A100CED784 /* window-shopper.app */,
				856180BB1FA3DBB600CED784 /* window-shopperTests.xctest */,
				856180CC1FA3DDDD00CED784 /* math-test.xctest */,
			);
			name = Products;
			sourceTree = "<group>";
		};
		856180A01FA3C6A100CED784 /* window-shopper */ = {
			isa = PBXGroup;
			children = (
				856180C51FA3DBE400CED784 /* Model */,
				856180B41FA3C91000CED784 /* Views */,
				856180B31FA3C80C00CED784 /* Controller */,
				856180A11FA3C6A100CED784 /* AppDelegate.swift */,
				856180A51FA3C6A100CED784 /* Main.storyboard */,
				856180A81FA3C6A100CED784 /* Assets.xcassets */,
				856180AA1FA3C6A100CED784 /* LaunchScreen.storyboard */,
				856180AD1FA3C6A100CED784 /* Info.plist */,
			);
			path = "window-shopper";
			sourceTree = "<group>";
		};
		856180B31FA3C80C00CED784 /* Controller */ = {
			isa = PBXGroup;
			children = (
				856180A31FA3C6A100CED784 /* MainVC.swift */,
			);
			path = Controller;
			sourceTree = "<group>";
		};
		856180B41FA3C91000CED784 /* Views */ = {
			isa = PBXGroup;
			children = (
				856180B51FA3C93C00CED784 /* CurrencyTxtField.swift */,
			);
			path = Views;
			sourceTree = "<group>";
		};
		856180C51FA3DBE400CED784 /* Model */ = {
			isa = PBXGroup;
			children = (
				856180C61FA3DC0000CED784 /* Wage.swift */,
			);
			path = Model;
			sourceTree = "<group>";
		};
		856180CD1FA3DDDD00CED784 /* math-test */ = {
			isa = PBXGroup;
			children = (
				856180CE1FA3DDDD00CED784 /* math_test.swift */,
				856180D01FA3DDDD00CED784 /* Info.plist */,
			);
			path = "math-test";
			sourceTree = "<group>";
		};
/* End PBXGroup section */

/* Begin PBXNativeTarget section */
		8561809D1FA3C6A000CED784 /* window-shopper */ = {
			isa = PBXNativeTarget;
			buildConfigurationList = 856180B01FA3C6A100CED784 /* Build configuration list for PBXNativeTarget "window-shopper" */;
			buildPhases = (
				8561809A1FA3C6A000CED784 /* Sources */,
				8561809B1FA3C6A000CED784 /* Frameworks */,
				8561809C1FA3C6A000CED784 /* Resources */,
			);
			buildRules = (
			);
			dependencies = (
			);
			name = "window-shopper";
			productName = "window-shopper";
			productReference = 8561809E1FA3C6A100CED784 /* window-shopper.app */;
			productType = "com.apple.product-type.application";
		};
		856180BA1FA3DBB600CED784 /* window-shopperTests */ = {
			isa = PBXNativeTarget;
			buildConfigurationList = 856180C21FA3DBB600CED784 /* Build configuration list for PBXNativeTarget "window-shopperTests" */;
			buildPhases = (
				856180B71FA3DBB600CED784 /* Sources */,
				856180B81FA3DBB600CED784 /* Frameworks */,
				856180B91FA3DBB600CED784 /* Resources */,
			);
			buildRules = (
			);
			dependencies = (
				856180C11FA3DBB600CED784 /* PBXTargetDependency */,
			);
			name = "window-shopperTests";
			productName = "window-shopperTests";
			productReference = 856180BB1FA3DBB600CED784 /* window-shopperTests.xctest */;
			productType = "com.apple.product-type.bundle.unit-test";
		};
		856180CB1FA3DDDD00CED784 /* math-test */ = {
			isa = PBXNativeTarget;
			buildConfigurationList = 856180D31FA3DDDD00CED784 /* Build configuration list for PBXNativeTarget "math-test" */;
			buildPhases = (
				856180C81FA3DDDD00CED784 /* Sources */,
				856180C91FA3DDDD00CED784 /* Frameworks */,
				856180CA1FA3DDDD00CED784 /* Resources */,
			);
			buildRules = (
			);
			dependencies = (
				856180D21FA3DDDD00CED784 /* PBXTargetDependency */,
			);
			name = "math-test";
			productName = "math-test";
			productReference = 856180CC1FA3DDDD00CED784 /* math-test.xctest */;
			productType = "com.apple.product-type.bundle.unit-test";
		};
/* End PBXNativeTarget section */

/* Begin PBXProject section */
		856180961FA3C6A000CED784 /* Project object */ = {
			isa = PBXProject;
			attributes = {
				LastSwiftUpdateCheck = 0900;
				LastUpgradeCheck = 0900;
				ORGANIZATIONNAME = intoTheElements;
				TargetAttributes = {
					8561809D1FA3C6A000CED784 = {
						CreatedOnToolsVersion = 9.0;
						ProvisioningStyle = Automatic;
					};
					856180BA1FA3DBB600CED784 = {
						CreatedOnToolsVersion = 9.0;
						ProvisioningStyle = Automatic;
						TestTargetID = 8561809D1FA3C6A000CED784;
					};
					856180CB1FA3DDDD00CED784 = {
						CreatedOnToolsVersion = 9.0;
						ProvisioningStyle = Automatic;
						TestTargetID = 8561809D1FA3C6A000CED784;
					};
				};
			};
			buildConfigurationList = 856180991FA3C6A000CED784 /* Build configuration list for PBXProject "window-shopper" */;
			compatibilityVersion = "Xcode 8.0";
			developmentRegion = en;
			hasScannedForEncodings = 0;
			knownRegions = (
				en,
				Base,
			);
			mainGroup = 856180951FA3C6A000CED784;
			productRefGroup = 8561809F1FA3C6A100CED784 /* Products */;
			projectDirPath = "";
			projectRoot = "";
			targets = (
				8561809D1FA3C6A000CED784 /* window-shopper */,
				856180BA1FA3DBB600CED784 /* window-shopperTests */,
				856180CB1FA3DDDD00CED784 /* math-test */,
			);
		};
/* End PBXProject section */

/* Begin PBXResourcesBuildPhase section */
		8561809C1FA3C6A000CED784 /* Resources */ = {
			isa = PBXResourcesBuildPhase;
			buildActionMask = 2147483647;
			files = (
				856180AC1FA3C6A100CED784 /* LaunchScreen.storyboard in Resources */,
				856180A91FA3C6A100CED784 /* Assets.xcassets in Resources */,
				856180A71FA3C6A100CED784 /* Main.storyboard in Resources */,
			);
			runOnlyForDeploymentPostprocessing = 0;
		};
		856180B91FA3DBB600CED784 /* Resources */ = {
			isa = PBXResourcesBuildPhase;
			buildActionMask = 2147483647;
			files = (
			);
			runOnlyForDeploymentPostprocessing = 0;
		};
		856180CA1FA3DDDD00CED784 /* Resources */ = {
			isa = PBXResourcesBuildPhase;
			buildActionMask = 2147483647;
			files = (
			);
			runOnlyForDeploymentPostprocessing = 0;
		};
/* End PBXResourcesBuildPhase section */

/* Begin PBXSourcesBuildPhase section */
		8561809A1FA3C6A000CED784 /* Sources */ = {
			isa = PBXSourcesBuildPhase;
			buildActionMask = 2147483647;
			files = (
				856180B61FA3C93C00CED784 /* CurrencyTxtField.swift in Sources */,
				856180C71FA3DC0000CED784 /* Wage.swift in Sources */,
				856180A41FA3C6A100CED784 /* MainVC.swift in Sources */,
				856180A21FA3C6A100CED784 /* AppDelegate.swift in Sources */,
			);
			runOnlyForDeploymentPostprocessing = 0;
		};
		856180B71FA3DBB600CED784 /* Sources */ = {
			isa = PBXSourcesBuildPhase;
			buildActionMask = 2147483647;
			files = (
			);
			runOnlyForDeploymentPostprocessing = 0;
		};
		856180C81FA3DDDD00CED784 /* Sources */ = {
			isa = PBXSourcesBuildPhase;
			buildActionMask = 2147483647;
			files = (
				856180CF1FA3DDDD00CED784 /* math_test.swift in Sources */,
				856180D61FA3DE5900CED784 /* Wage.swift in Sources */,
			);
			runOnlyForDeploymentPostprocessing = 0;
		};
/* End PBXSourcesBuildPhase section */

/* Begin PBXTargetDependency section */
		856180C11FA3DBB600CED784 /* PBXTargetDependency */ = {
			isa = PBXTargetDependency;
			target = 8561809D1FA3C6A000CED784 /* window-shopper */;
			targetProxy = 856180C01FA3DBB600CED784 /* PBXContainerItemProxy */;
		};
		856180D21FA3DDDD00CED784 /* PBXTargetDependency */ = {
			isa = PBXTargetDependency;
			target = 8561809D1FA3C6A000CED784 /* window-shopper */;
			targetProxy = 856180D11FA3DDDD00CED784 /* PBXContainerItemProxy */;
		};
/* End PBXTargetDependency section */

/* Begin PBXVariantGroup section */
		856180A51FA3C6A100CED784 /* Main.storyboard */ = {
			isa = PBXVariantGroup;
			children = (
				856180A61FA3C6A100CED784 /* Base */,
			);
			name = Main.storyboard;
			sourceTree = "<group>";
		};
		856180AA1FA3C6A100CED784 /* LaunchScreen.storyboard */ = {
			isa = PBXVariantGroup;
			children = (
				856180AB1FA3C6A100CED784 /* Base */,
			);
			name = LaunchScreen.storyboard;
			sourceTree = "<group>";
		};
/* End PBXVariantGroup section */

/* Begin XCBuildConfiguration section */
		856180AE1FA3C6A100CED784 /* Debug */ = {
			isa = XCBuildConfiguration;
			buildSettings = {
				ALWAYS_SEARCH_USER_PATHS = NO;
				CLANG_ANALYZER_NONNULL = YES;
				CLANG_ANALYZER_NUMBER_OBJECT_CONVERSION = YES_AGGRESSIVE;
				CLANG_CXX_LANGUAGE_STANDARD = "gnu++14";
				CLANG_CXX_LIBRARY = "libc++";
				CLANG_ENABLE_MODULES = YES;
				CLANG_ENABLE_OBJC_ARC = YES;
				CLANG_WARN_BLOCK_CAPTURE_AUTORELEASING = YES;
				CLANG_WARN_BOOL_CONVERSION = YES;
				CLANG_WARN_COMMA = YES;
				CLANG_WARN_CONSTANT_CONVERSION = YES;
				CLANG_WARN_DIRECT_OBJC_ISA_USAGE = YES_ERROR;
				CLANG_WARN_DOCUMENTATION_COMMENTS = YES;
				CLANG_WARN_EMPTY_BODY = YES;
				CLANG_WARN_ENUM_CONVERSION = YES;
				CLANG_WARN_INFINITE_RECURSION = YES;
				CLANG_WARN_INT_CONVERSION = YES;
				CLANG_WARN_NON_LITERAL_NULL_CONVERSION = YES;
				CLANG_WARN_OBJC_LITERAL_CONVERSION = YES;
				CLANG_WARN_OBJC_ROOT_CLASS = YES_ERROR;
				CLANG_WARN_RANGE_LOOP_ANALYSIS = YES;
				CLANG_WARN_STRICT_PROTOTYPES = YES;
				CLANG_WARN_SUSPICIOUS_MOVE = YES;
				CLANG_WARN_UNGUARDED_AVAILABILITY = YES_AGGRESSIVE;
				CLANG_WARN_UNREACHABLE_CODE = YES;
				CLANG_WARN__DUPLICATE_METHOD_MATCH = YES;
				CODE_SIGN_IDENTITY = "iPhone Developer";
				COPY_PHASE_STRIP = NO;
				DEBUG_INFORMATION_FORMAT = dwarf;
				ENABLE_STRICT_OBJC_MSGSEND = YES;
				ENABLE_TESTABILITY = YES;
				GCC_C_LANGUAGE_STANDARD = gnu11;
				GCC_DYNAMIC_NO_PIC = NO;
				GCC_NO_COMMON_BLOCKS = YES;
				GCC_OPTIMIZATION_LEVEL = 0;
				GCC_PREPROCESSOR_DEFINITIONS = (
					"DEBUG=1",
					"$(inherited)",
				);
				GCC_WARN_64_TO_32_BIT_CONVERSION = YES;
				GCC_WARN_ABOUT_RETURN_TYPE = YES_ERROR;
				GCC_WARN_UNDECLARED_SELECTOR = YES;
				GCC_WARN_UNINITIALIZED_AUTOS = YES_AGGRESSIVE;
				GCC_WARN_UNUSED_FUNCTION = YES;
				GCC_WARN_UNUSED_VARIABLE = YES;
				IPHONEOS_DEPLOYMENT_TARGET = 11.0;
				MTL_ENABLE_DEBUG_INFO = YES;
				ONLY_ACTIVE_ARCH = YES;
				SDKROOT = iphoneos;
				SWIFT_ACTIVE_COMPILATION_CONDITIONS = DEBUG;
				SWIFT_OPTIMIZATION_LEVEL = "-Onone";
			};
			name = Debug;
		};
		856180AF1FA3C6A100CED784 /* Release */ = {
			isa = XCBuildConfiguration;
			buildSettings = {
				ALWAYS_SEARCH_USER_PATHS = NO;
				CLANG_ANALYZER_NONNULL = YES;
				CLANG_ANALYZER_NUMBER_OBJECT_CONVERSION = YES_AGGRESSIVE;
				CLANG_CXX_LANGUAGE_STANDARD = "gnu++14";
				CLANG_CXX_LIBRARY = "libc++";
				CLANG_ENABLE_MODULES = YES;
				CLANG_ENABLE_OBJC_ARC = YES;
				CLANG_WARN_BLOCK_CAPTURE_AUTORELEASING = YES;
				CLANG_WARN_BOOL_CONVERSION = YES;
				CLANG_WARN_COMMA = YES;
				CLANG_WARN_CONSTANT_CONVERSION = YES;
				CLANG_WARN_DIRECT_OBJC_ISA_USAGE = YES_ERROR;
				CLANG_WARN_DOCUMENTATION_COMMENTS = YES;
				CLANG_WARN_EMPTY_BODY = YES;
				CLANG_WARN_ENUM_CONVERSION = YES;
				CLANG_WARN_INFINITE_RECURSION = YES;
				CLANG_WARN_INT_CONVERSION = YES;
				CLANG_WARN_NON_LITERAL_NULL_CONVERSION = YES;
				CLANG_WARN_OBJC_LITERAL_CONVERSION = YES;
				CLANG_WARN_OBJC_ROOT_CLASS = YES_ERROR;
				CLANG_WARN_RANGE_LOOP_ANALYSIS = YES;
				CLANG_WARN_STRICT_PROTOTYPES = YES;
				CLANG_WARN_SUSPICIOUS_MOVE = YES;
				CLANG_WARN_UNGUARDED_AVAILABILITY = YES_AGGRESSIVE;
				CLANG_WARN_UNREACHABLE_CODE = YES;
				CLANG_WARN__DUPLICATE_METHOD_MATCH = YES;
				CODE_SIGN_IDENTITY = "iPhone Developer";
				COPY_PHASE_STRIP = NO;
				DEBUG_INFORMATION_FORMAT = "dwarf-with-dsym";
				ENABLE_NS_ASSERTIONS = NO;
				ENABLE_STRICT_OBJC_MSGSEND = YES;
				GCC_C_LANGUAGE_STANDARD = gnu11;
				GCC_NO_COMMON_BLOCKS = YES;
				GCC_WARN_64_TO_32_BIT_CONVERSION = YES;
				GCC_WARN_ABOUT_RETURN_TYPE = YES_ERROR;
				GCC_WARN_UNDECLARED_SELECTOR = YES;
				GCC_WARN_UNINITIALIZED_AUTOS = YES_AGGRESSIVE;
				GCC_WARN_UNUSED_FUNCTION = YES;
				GCC_WARN_UNUSED_VARIABLE = YES;
				IPHONEOS_DEPLOYMENT_TARGET = 11.0;
				MTL_ENABLE_DEBUG_INFO = NO;
				SDKROOT = iphoneos;
				SWIFT_OPTIMIZATION_LEVEL = "-Owholemodule";
				VALIDATE_PRODUCT = YES;
			};
			name = Release;
		};
		856180B11FA3C6A100CED784 /* Debug */ = {
			isa = XCBuildConfiguration;
			buildSettings = {
				ASSETCATALOG_COMPILER_APPICON_NAME = AppIcon;
				CODE_SIGN_STYLE = Automatic;
				DEVELOPMENT_TEAM = 8RMPD79WTG;
				INFOPLIST_FILE = "window-shopper/Info.plist";
				LD_RUNPATH_SEARCH_PATHS = "$(inherited) @executable_path/Frameworks";
				PRODUCT_BUNDLE_IDENTIFIER = "com.intotheelements.window-shopper";
				PRODUCT_NAME = "$(TARGET_NAME)";
				SWIFT_VERSION = 4.0;
				TARGETED_DEVICE_FAMILY = "1,2";
			};
			name = Debug;
		};
		856180B21FA3C6A100CED784 /* Release */ = {
			isa = XCBuildConfiguration;
			buildSettings = {
				ASSETCATALOG_COMPILER_APPICON_NAME = AppIcon;
				CODE_SIGN_STYLE = Automatic;
				DEVELOPMENT_TEAM = 8RMPD79WTG;
				INFOPLIST_FILE = "window-shopper/Info.plist";
				LD_RUNPATH_SEARCH_PATHS = "$(inherited) @executable_path/Frameworks";
				PRODUCT_BUNDLE_IDENTIFIER = "com.intotheelements.window-shopper";
				PRODUCT_NAME = "$(TARGET_NAME)";
				SWIFT_VERSION = 4.0;
				TARGETED_DEVICE_FAMILY = "1,2";
			};
			name = Release;
		};
		856180C31FA3DBB600CED784 /* Debug */ = {
			isa = XCBuildConfiguration;
			buildSettings = {
				BUNDLE_LOADER = "$(TEST_HOST)";
				CODE_SIGN_STYLE = Automatic;
				DEVELOPMENT_TEAM = 8RMPD79WTG;
				INFOPLIST_FILE = "window-shopperTests/Info.plist";
				LD_RUNPATH_SEARCH_PATHS = "$(inherited) @executable_path/Frameworks @loader_path/Frameworks";
				PRODUCT_BUNDLE_IDENTIFIER = "com.intotheelements.window-shopperTests";
				PRODUCT_NAME = "$(TARGET_NAME)";
				SWIFT_VERSION = 4.0;
				TARGETED_DEVICE_FAMILY = "1,2";
				TEST_HOST = "$(BUILT_PRODUCTS_DIR)/window-shopper.app/window-shopper";
			};
			name = Debug;
		};
		856180C41FA3DBB600CED784 /* Release */ = {
			isa = XCBuildConfiguration;
			buildSettings = {
				BUNDLE_LOADER = "$(TEST_HOST)";
				CODE_SIGN_STYLE = Automatic;
				DEVELOPMENT_TEAM = 8RMPD79WTG;
				INFOPLIST_FILE = "window-shopperTests/Info.plist";
				LD_RUNPATH_SEARCH_PATHS = "$(inherited) @executable_path/Frameworks @loader_path/Frameworks";
				PRODUCT_BUNDLE_IDENTIFIER = "com.intotheelements.window-shopperTests";
				PRODUCT_NAME = "$(TARGET_NAME)";
				SWIFT_VERSION = 4.0;
				TARGETED_DEVICE_FAMILY = "1,2";
				TEST_HOST = "$(BUILT_PRODUCTS_DIR)/window-shopper.app/window-shopper";
			};
			name = Release;
		};
		856180D41FA3DDDD00CED784 /* Debug */ = {
			isa = XCBuildConfiguration;
			buildSettings = {
				BUNDLE_LOADER = "$(TEST_HOST)";
				CODE_SIGN_STYLE = Automatic;
				DEVELOPMENT_TEAM = 8RMPD79WTG;
				INFOPLIST_FILE = "math-test/Info.plist";
				LD_RUNPATH_SEARCH_PATHS = "$(inherited) @executable_path/Frameworks @loader_path/Frameworks";
				PRODUCT_BUNDLE_IDENTIFIER = "com.intotheelements.math-test";
				PRODUCT_NAME = "$(TARGET_NAME)";
				SWIFT_VERSION = 4.0;
				TARGETED_DEVICE_FAMILY = "1,2";
				TEST_HOST = "$(BUILT_PRODUCTS_DIR)/window-shopper.app/window-shopper";
			};
			name = Debug;
		};
		856180D51FA3DDDD00CED784 /* Release */ = {
			isa = XCBuildConfiguration;
			buildSettings = {
				BUNDLE_LOADER = "$(TEST_HOST)";
				CODE_SIGN_STYLE = Automatic;
				DEVELOPMENT_TEAM = 8RMPD79WTG;
				INFOPLIST_FILE = "math-test/Info.plist";
				LD_RUNPATH_SEARCH_PATHS = "$(inherited) @executable_path/Frameworks @loader_path/Frameworks";
				PRODUCT_BUNDLE_IDENTIFIER = "com.intotheelements.math-test";
				PRODUCT_NAME = "$(TARGET_NAME)";
				SWIFT_VERSION = 4.0;
				TARGETED_DEVICE_FAMILY = "1,2";
				TEST_HOST = "$(BUILT_PRODUCTS_DIR)/window-shopper.app/window-shopper";
			};
			name = Release;
		};
/* End XCBuildConfiguration section */

/* Begin XCConfigurationList section */
		856180991FA3C6A000CED784 /* Build configuration list for PBXProject "window-shopper" */ = {
			isa = XCConfigurationList;
			buildConfigurations = (
				856180AE1FA3C6A100CED784 /* Debug */,
				856180AF1FA3C6A100CED784 /* Release */,
			);
			defaultConfigurationIsVisible = 0;
			defaultConfigurationName = Release;
		};
		856180B01FA3C6A100CED784 /* Build configuration list for PBXNativeTarget "window-shopper" */ = {
			isa = XCConfigurationList;
			buildConfigurations = (
				856180B11FA3C6A100CED784 /* Debug */,
				856180B21FA3C6A100CED784 /* Release */,
			);
			defaultConfigurationIsVisible = 0;
			defaultConfigurationName = Release;
		};
		856180C21FA3DBB600CED784 /* Build configuration list for PBXNativeTarget "window-shopperTests" */ = {
			isa = XCConfigurationList;
			buildConfigurations = (
				856180C31FA3DBB600CED784 /* Debug */,
				856180C41FA3DBB600CED784 /* Release */,
			);
			defaultConfigurationIsVisible = 0;
			defaultConfigurationName = Release;
		};
		856180D31FA3DDDD00CED784 /* Build configuration list for PBXNativeTarget "math-test" */ = {
			isa = XCConfigurationList;
			buildConfigurations = (
				856180D41FA3DDDD00CED784 /* Debug */,
				856180D51FA3DDDD00CED784 /* Release */,
			);
			defaultConfigurationIsVisible = 0;
			defaultConfigurationName = Release;
		};
/* End XCConfigurationList section */
	};
	rootObject = 856180961FA3C6A000CED784 /* Project object */;
}
